# This file is autogenerated, do not edit; changes may be undone by the next 'dep ensure'.


[[projects]]
  digest = "1:d867dfa6751c8d7a435821ad3b736310c2ed68945d05b50fb9d23aee0540c8cc"
  name = "github.com/Sirupsen/logrus"
  packages = ["."]
  pruneopts = "UT"
  revision = "3e01752db0189b9157070a0e1668a620f9a85da2"
  version = "v1.0.6"

[[projects]]
  branch = "master"
  digest = "1:a07f67ab4e420096dc10cfbf5619c92cebbe039b1e590f1c4854dc33a156bfee"
  name = "github.com/kelbyers/librsync-go"
  packages = ["."]
  pruneopts = "UT"
  revision = "b8cf684c55e4695256db7a149f179cb2f2a291c3"

[[projects]]
  branch = "master"
  digest = "1:4b41ab67af47e85c95d9891f5c313d79185a9cb4e495d268f4ed441bf8ddfa54"
  name = "github.com/resin-os/circbuf"
  packages = ["."]
  pruneopts = "UT"
  revision = "56e73111d0b216a0157b0122dbba22a6bcaba395"

[[projects]]
  branch = "master"
  digest = "1:a07f67ab4e420096dc10cfbf5619c92cebbe039b1e590f1c4854dc33a156bfee"
  name = "github.com/resin-os/librsync-go"
  packages = ["."]
  pruneopts = "UT"
  revision = "b8cf684c55e4695256db7a149f179cb2f2a291c3"

[[projects]]
  digest = "1:b24d38b282bacf9791408a080f606370efa3d364e4b5fd9ba0f7b87786d3b679"
  name = "github.com/urfave/cli"
  packages = ["."]
  pruneopts = "UT"
  revision = "cfb38830724cc34fedffe9a2a29fb54fa9169cd1"
  version = "v1.20.0"

[[projects]]
  branch = "master"
  digest = "1:3a8e632f6a5567d4e14f8461acad4c437669172a7c4b0e14d3393d7ee6596be8"
  name = "golang.org/x/crypto"
  packages = [
    "blake2b",
    "md4",
    "ssh/terminal",
  ]
  pruneopts = "UT"
  revision = "0e37d006457bf46f9e6692014ba72ef82c33022c"

[[projects]]
  branch = "master"
  digest = "1:d2b400b70ce4782420c9509c939dcad15b7e0e63684640c3272657f019ca6b9e"
  name = "golang.org/x/sys"
  packages = [
    "cpu",
    "unix",
    "windows",
  ]
  pruneopts = "UT"
  revision = "d47a0f3392421c5624713c9a19fe781f651f8a50"

[solve-meta]
  analyzer-name = "dep"
  analyzer-version = 1
  input-imports = [
    "github.com/Sirupsen/logrus",
    "github.com/kelbyers/librsync-go",
    "github.com/resin-os/librsync-go",
    "github.com/urfave/cli",
  ]
  solver-name = "gps-cdcl"
  solver-version = 1
